
Microsoft Visual Studio Solution File, Format Version 12.00
# Visual Studio Version 16
VisualStudioVersion = 16.0.31229.75
MinimumVisualStudioVersion = 10.0.40219.1
Project("{8BC9CEB8-8B4A-11D0-8D11-00A0C91BC942}") = "SK-Lib-math.h-sin-Bagian5__C", "SK-Lib-math.h-sin-Bagian5__C\SK-Lib-math.h-sin-Bagian5__C.vcxproj", "{4DF894C4-8224-48EE-B3BC-A22C63A775CB}"
EndProject
Global
	GlobalSection(SolutionConfigurationPlatforms) = preSolution
		Debug|x64 = Debug|x64
		Debug|x86 = Debug|x86
		Release|x64 = Release|x64
		Release|x86 = Release|x86
	EndGlobalSection
	GlobalSection(ProjectConfigurationPlatforms) = postSolution
		{4DF894C4-8224-48EE-B3BC-A22C63A775CB}.Debug|x64.ActiveCfg = Debug|x64
		{4DF894C4-8224-48EE-B3BC-A22C63A775CB}.Debug|x64.Build.0 = Debug|x64
		{4DF894C4-8224-48EE-B3BC-A22C63A775CB}.Debug|x86.ActiveCfg = Debug|Win32
		{4DF894C4-8224-48EE-B3BC-A22C63A775CB}.Debug|x86.Build.0 = Debug|Win32
		{4DF894C4-8224-48EE-B3BC-A22C63A775CB}.Release|x64.ActiveCfg = Release|x64
		{4DF894C4-8224-48EE-B3BC-A22C63A775CB}.Release|x64.Build.0 = Release|x64
		{4DF894C4-8224-48EE-B3BC-A22C63A775CB}.Release|x86.ActiveCfg = Release|Win32
		{4DF894C4-8224-48EE-B3BC-A22C63A775CB}.Release|x86.Build.0 = Release|Win32
	EndGlobalSection
	GlobalSection(SolutionProperties) = preSolution
		HideSolutionNode = FALSE
	EndGlobalSection
	GlobalSection(ExtensibilityGlobals) = postSolution
		SolutionGuid = {166492DA-1491-497A-8045-8042A74ABA43}
	EndGlobalSection
EndGlobal
